
Microsoft Visual Studio Solution File, Format Version 12.00
# Visual Studio Version 17
VisualStudioVersion = 17.3.32901.215
MinimumVisualStudioVersion = 10.0.40219.1
Project("{9A19103F-16F7-4668-BE54-9A1E7A4F7556}") = "NubeSync.Service", "NubeSync.Service\NubeSync.Service.csproj", "{3ED12A74-3E19-4689-9E1E-5F4F06C4BA79}"
EndProject
Project("{9A19103F-16F7-4668-BE54-9A1E7A4F7556}") = "NubeSync.Wasm", "NubeSync.Wasm\NubeSync.Wasm.csproj", "{740F09DB-88C0-46BC-980C-257AFD888995}"
EndProject
Global
	GlobalSection(SolutionConfigurationPlatforms) = preSolution
		Debug|Any CPU = Debug|Any CPU
		Release|Any CPU = Release|Any CPU
	EndGlobalSection
	GlobalSection(ProjectConfigurationPlatforms) = postSolution
		{3ED12A74-3E19-4689-9E1E-5F4F06C4BA79}.Debug|Any CPU.ActiveCfg = Debug|Any CPU
		{3ED12A74-3E19-4689-9E1E-5F4F06C4BA79}.Debug|Any CPU.Build.0 = Debug|Any CPU
		{3ED12A74-3E19-4689-9E1E-5F4F06C4BA79}.Release|Any CPU.ActiveCfg = Release|Any CPU
		{3ED12A74-3E19-4689-9E1E-5F4F06C4BA79}.Release|Any CPU.Build.0 = Release|Any CPU
		{740F09DB-88C0-46BC-980C-257AFD888995}.Debug|Any CPU.ActiveCfg = Debug|Any CPU
		{740F09DB-88C0-46BC-980C-257AFD888995}.Debug|Any CPU.Build.0 = Debug|Any CPU
		{740F09DB-88C0-46BC-980C-257AFD888995}.Release|Any CPU.ActiveCfg = Release|Any CPU
		{740F09DB-88C0-46BC-980C-257AFD888995}.Release|Any CPU.Build.0 = Release|Any CPU
	EndGlobalSection
	GlobalSection(SolutionProperties) = preSolution
		HideSolutionNode = FALSE
	EndGlobalSection
	GlobalSection(ExtensibilityGlobals) = postSolution
		SolutionGuid = {0A1986ED-420A-4D45-875C-038322F02D70}
	EndGlobalSection
EndGlobal
